// !$*UTF8*$!
{
	archiveVersion = 1;
	classes = {
	};
	objectVersion = 56;
	objects = {

/* Begin PBXBuildFile section */
		72B9BB932C5247AC00D35ABC /* TeamLongHairApp.swift in Sources */ = {isa = PBXBuildFile; fileRef = 72B9BB922C5247AC00D35ABC /* TeamLongHairApp.swift */; };
		72B9BB972C5247AE00D35ABC /* Assets.xcassets in Resources */ = {isa = PBXBuildFile; fileRef = 72B9BB962C5247AE00D35ABC /* Assets.xcassets */; };
		72B9BB9A2C5247AE00D35ABC /* Preview Assets.xcassets in Resources */ = {isa = PBXBuildFile; fileRef = 72B9BB992C5247AE00D35ABC /* Preview Assets.xcassets */; };
		72DC45F42C57A2BA004C30D9 /* CanvasView.swift in Sources */ = {isa = PBXBuildFile; fileRef = D8675B342C53772200A8CB89 /* CanvasView.swift */; };
		D84DDA262C58CB2B00ABD0F3 /* ProjectModel.swift in Sources */ = {isa = PBXBuildFile; fileRef = D84DDA252C58CB2B00ABD0F3 /* ProjectModel.swift */; };
		D84DDA282C58CB3000ABD0F3 /* PageModel.swift in Sources */ = {isa = PBXBuildFile; fileRef = D84DDA272C58CB3000ABD0F3 /* PageModel.swift */; };
		D84DDA2A2C58CB3600ABD0F3 /* LinkModel.swift in Sources */ = {isa = PBXBuildFile; fileRef = D84DDA292C58CB3600ABD0F3 /* LinkModel.swift */; };
		D84DDA2C2C58CD6400ABD0F3 /* ProjectGallery.swift in Sources */ = {isa = PBXBuildFile; fileRef = D84DDA2B2C58CD6400ABD0F3 /* ProjectGallery.swift */; };
		D8675B2D2C5376E800A8CB89 /* HomeView.swift in Sources */ = {isa = PBXBuildFile; fileRef = D8675B2C2C5376E800A8CB89 /* HomeView.swift */; };
		D8675B2F2C53770100A8CB89 /* ProjectView.swift in Sources */ = {isa = PBXBuildFile; fileRef = D8675B2E2C53770100A8CB89 /* ProjectView.swift */; };
		D8675B312C53770B00A8CB89 /* PageView.swift in Sources */ = {isa = PBXBuildFile; fileRef = D8675B302C53770B00A8CB89 /* PageView.swift */; };
		D8675B332C53771D00A8CB89 /* LinkPanelView.swift in Sources */ = {isa = PBXBuildFile; fileRef = D8675B322C53771D00A8CB89 /* LinkPanelView.swift */; };
		D8675B372C53772700A8CB89 /* DetailPanelView.swift in Sources */ = {isa = PBXBuildFile; fileRef = D8675B362C53772700A8CB89 /* DetailPanelView.swift */; };
		D8675B392C53773400A8CB89 /* FloatingPanelView.swift in Sources */ = {isa = PBXBuildFile; fileRef = D8675B382C53773400A8CB89 /* FloatingPanelView.swift */; };
		E70E13D72C5A1A3200AFF593 /* KeyShortcut.swift in Sources */ = {isa = PBXBuildFile; fileRef = E70E13D62C5A1A3200AFF593 /* KeyShortcut.swift */; };
		E70E13DF2C5A1F8A00AFF593 /* AppState.swift in Sources */ = {isa = PBXBuildFile; fileRef = E70E13DE2C5A1F8A00AFF593 /* AppState.swift */; };
		E70E13E12C5A251700AFF593 /* AppDelegate.swift in Sources */ = {isa = PBXBuildFile; fileRef = E70E13E02C5A251700AFF593 /* AppDelegate.swift */; };
		E70E13E32C5A26E600AFF593 /* ShortcutSettingView.swift in Sources */ = {isa = PBXBuildFile; fileRef = E70E13E22C5A26E600AFF593 /* ShortcutSettingView.swift */; };
		E7E141782C5617CE00A6FB5A /* FloatingPanel.swift in Sources */ = {isa = PBXBuildFile; fileRef = E7E141772C5617CE00A6FB5A /* FloatingPanel.swift */; };
		E7E1417A2C5623FE00A6FB5A /* FloatingPanelModifier.swift in Sources */ = {isa = PBXBuildFile; fileRef = E7E141792C5623FE00A6FB5A /* FloatingPanelModifier.swift */; };
		E7E1417D2C56285800A6FB5A /* View+.swift in Sources */ = {isa = PBXBuildFile; fileRef = E7E1417C2C56285800A6FB5A /* View+.swift */; };
		E7E1417F2C562A0B00A6FB5A /* VisualEffectView.swift in Sources */ = {isa = PBXBuildFile; fileRef = E7E1417E2C562A0B00A6FB5A /* VisualEffectView.swift */; };
		E7E141812C562BDE00A6FB5A /* FloatingPanelExpandableLayout.swift in Sources */ = {isa = PBXBuildFile; fileRef = E7E141802C562BDE00A6FB5A /* FloatingPanelExpandableLayout.swift */; };
/* End PBXBuildFile section */

/* Begin PBXFileReference section */
		72B9BB8F2C5247AC00D35ABC /* TeamLongHair.app */ = {isa = PBXFileReference; explicitFileType = wrapper.application; includeInIndex = 0; path = TeamLongHair.app; sourceTree = BUILT_PRODUCTS_DIR; };
		72B9BB922C5247AC00D35ABC /* TeamLongHairApp.swift */ = {isa = PBXFileReference; lastKnownFileType = sourcecode.swift; path = TeamLongHairApp.swift; sourceTree = "<group>"; };
		72B9BB962C5247AE00D35ABC /* Assets.xcassets */ = {isa = PBXFileReference; lastKnownFileType = folder.assetcatalog; path = Assets.xcassets; sourceTree = "<group>"; };
		72B9BB992C5247AE00D35ABC /* Preview Assets.xcassets */ = {isa = PBXFileReference; lastKnownFileType = folder.assetcatalog; path = "Preview Assets.xcassets"; sourceTree = "<group>"; };
		72B9BB9B2C5247AE00D35ABC /* TeamLongHair.entitlements */ = {isa = PBXFileReference; lastKnownFileType = text.plist.entitlements; path = TeamLongHair.entitlements; sourceTree = "<group>"; };
		D84DDA252C58CB2B00ABD0F3 /* ProjectModel.swift */ = {isa = PBXFileReference; lastKnownFileType = sourcecode.swift; path = ProjectModel.swift; sourceTree = "<group>"; };
		D84DDA272C58CB3000ABD0F3 /* PageModel.swift */ = {isa = PBXFileReference; lastKnownFileType = sourcecode.swift; path = PageModel.swift; sourceTree = "<group>"; };
		D84DDA292C58CB3600ABD0F3 /* LinkModel.swift */ = {isa = PBXFileReference; lastKnownFileType = sourcecode.swift; path = LinkModel.swift; sourceTree = "<group>"; };
		D84DDA2B2C58CD6400ABD0F3 /* ProjectGallery.swift */ = {isa = PBXFileReference; lastKnownFileType = sourcecode.swift; path = ProjectGallery.swift; sourceTree = "<group>"; };
		D8675B2C2C5376E800A8CB89 /* HomeView.swift */ = {isa = PBXFileReference; lastKnownFileType = sourcecode.swift; path = HomeView.swift; sourceTree = "<group>"; };
		D8675B2E2C53770100A8CB89 /* ProjectView.swift */ = {isa = PBXFileReference; lastKnownFileType = sourcecode.swift; path = ProjectView.swift; sourceTree = "<group>"; };
		D8675B302C53770B00A8CB89 /* PageView.swift */ = {isa = PBXFileReference; lastKnownFileType = sourcecode.swift; path = PageView.swift; sourceTree = "<group>"; };
		D8675B322C53771D00A8CB89 /* LinkPanelView.swift */ = {isa = PBXFileReference; lastKnownFileType = sourcecode.swift; path = LinkPanelView.swift; sourceTree = "<group>"; };
		D8675B342C53772200A8CB89 /* CanvasView.swift */ = {isa = PBXFileReference; lastKnownFileType = sourcecode.swift; path = CanvasView.swift; sourceTree = "<group>"; };
		D8675B362C53772700A8CB89 /* DetailPanelView.swift */ = {isa = PBXFileReference; lastKnownFileType = sourcecode.swift; path = DetailPanelView.swift; sourceTree = "<group>"; };
		D8675B382C53773400A8CB89 /* FloatingPanelView.swift */ = {isa = PBXFileReference; lastKnownFileType = sourcecode.swift; path = FloatingPanelView.swift; sourceTree = "<group>"; };
		E70E13D62C5A1A3200AFF593 /* KeyShortcut.swift */ = {isa = PBXFileReference; lastKnownFileType = sourcecode.swift; path = KeyShortcut.swift; sourceTree = "<group>"; };
		E70E13DE2C5A1F8A00AFF593 /* AppState.swift */ = {isa = PBXFileReference; lastKnownFileType = sourcecode.swift; path = AppState.swift; sourceTree = "<group>"; };
		E70E13E02C5A251700AFF593 /* AppDelegate.swift */ = {isa = PBXFileReference; lastKnownFileType = sourcecode.swift; path = AppDelegate.swift; sourceTree = "<group>"; };
		E70E13E22C5A26E600AFF593 /* ShortcutSettingView.swift */ = {isa = PBXFileReference; lastKnownFileType = sourcecode.swift; path = ShortcutSettingView.swift; sourceTree = "<group>"; };
		E7E141772C5617CE00A6FB5A /* FloatingPanel.swift */ = {isa = PBXFileReference; lastKnownFileType = sourcecode.swift; path = FloatingPanel.swift; sourceTree = "<group>"; };
		E7E141792C5623FE00A6FB5A /* FloatingPanelModifier.swift */ = {isa = PBXFileReference; lastKnownFileType = sourcecode.swift; path = FloatingPanelModifier.swift; sourceTree = "<group>"; };
		E7E1417C2C56285800A6FB5A /* View+.swift */ = {isa = PBXFileReference; lastKnownFileType = sourcecode.swift; path = "View+.swift"; sourceTree = "<group>"; };
		E7E1417E2C562A0B00A6FB5A /* VisualEffectView.swift */ = {isa = PBXFileReference; lastKnownFileType = sourcecode.swift; path = VisualEffectView.swift; sourceTree = "<group>"; };
		E7E141802C562BDE00A6FB5A /* FloatingPanelExpandableLayout.swift */ = {isa = PBXFileReference; lastKnownFileType = sourcecode.swift; path = FloatingPanelExpandableLayout.swift; sourceTree = "<group>"; };
/* End PBXFileReference section */

/* Begin PBXFrameworksBuildPhase section */
		72B9BB8C2C5247AC00D35ABC /* Frameworks */ = {
			isa = PBXFrameworksBuildPhase;
			buildActionMask = 2147483647;
			files = (
			);
			runOnlyForDeploymentPostprocessing = 0;
		};
/* End PBXFrameworksBuildPhase section */

/* Begin PBXGroup section */
		72B9BB862C5247AC00D35ABC = {
			isa = PBXGroup;
			children = (
				72B9BB912C5247AC00D35ABC /* TeamLongHair */,
				72B9BB902C5247AC00D35ABC /* Products */,
			);
			sourceTree = "<group>";
		};
		72B9BB902C5247AC00D35ABC /* Products */ = {
			isa = PBXGroup;
			children = (
				72B9BB8F2C5247AC00D35ABC /* TeamLongHair.app */,
			);
			name = Products;
			sourceTree = "<group>";
		};
		72B9BB912C5247AC00D35ABC /* TeamLongHair */ = {
			isa = PBXGroup;
			children = (
				72B9BB922C5247AC00D35ABC /* TeamLongHairApp.swift */,
				D84DDA242C58CB2000ABD0F3 /* Model */,
				D8675B252C53758000A8CB89 /* Home */,
				D8675B262C53758A00A8CB89 /* Project */,
				D8675B272C53759300A8CB89 /* FloatingPanel */,
				E7E141982C5A196200A6FB5A /* Utils */,
				E7E1417B2C5627DB00A6FB5A /* Extensions */,
				72B9BB962C5247AE00D35ABC /* Assets.xcassets */,
				72B9BB9B2C5247AE00D35ABC /* TeamLongHair.entitlements */,
				72B9BB982C5247AE00D35ABC /* Preview Content */,
			);
			path = TeamLongHair;
			sourceTree = "<group>";
		};
		72B9BB982C5247AE00D35ABC /* Preview Content */ = {
			isa = PBXGroup;
			children = (
				72B9BB992C5247AE00D35ABC /* Preview Assets.xcassets */,
			);
			path = "Preview Content";
			sourceTree = "<group>";
		};
		D84DDA242C58CB2000ABD0F3 /* Model */ = {
			isa = PBXGroup;
			children = (
				D84DDA252C58CB2B00ABD0F3 /* ProjectModel.swift */,
				D84DDA272C58CB3000ABD0F3 /* PageModel.swift */,
				D84DDA292C58CB3600ABD0F3 /* LinkModel.swift */,
			);
			path = Model;
			sourceTree = "<group>";
		};
		D8675B252C53758000A8CB89 /* Home */ = {
			isa = PBXGroup;
			children = (
				D8675B2C2C5376E800A8CB89 /* HomeView.swift */,
				D84DDA2B2C58CD6400ABD0F3 /* ProjectGallery.swift */,
			);
			path = Home;
			sourceTree = "<group>";
		};
		D8675B262C53758A00A8CB89 /* Project */ = {
			isa = PBXGroup;
			children = (
				D8675B2E2C53770100A8CB89 /* ProjectView.swift */,
				D8675B292C5375F100A8CB89 /* LinkPanel */,
				D8675B282C5375A000A8CB89 /* Page */,
				D8675B2B2C5375FF00A8CB89 /* DetailPanel */,
			);
			path = Project;
			sourceTree = "<group>";
		};
		D8675B272C53759300A8CB89 /* FloatingPanel */ = {
			isa = PBXGroup;
			children = (
				D8675B382C53773400A8CB89 /* FloatingPanelView.swift */,
				E7E141772C5617CE00A6FB5A /* FloatingPanel.swift */,
				E7E141792C5623FE00A6FB5A /* FloatingPanelModifier.swift */,
				E7E1417E2C562A0B00A6FB5A /* VisualEffectView.swift */,
				E7E141802C562BDE00A6FB5A /* FloatingPanelExpandableLayout.swift */,
				E70E13E22C5A26E600AFF593 /* ShortcutSettingView.swift */,
			);
			path = FloatingPanel;
			sourceTree = "<group>";
		};
		D8675B282C5375A000A8CB89 /* Page */ = {
			isa = PBXGroup;
			children = (
				D8675B302C53770B00A8CB89 /* PageView.swift */,
				D8675B2A2C5375FA00A8CB89 /* Canvas */,
			);
			path = Page;
			sourceTree = "<group>";
		};
		D8675B292C5375F100A8CB89 /* LinkPanel */ = {
			isa = PBXGroup;
			children = (
				D8675B322C53771D00A8CB89 /* LinkPanelView.swift */,
			);
			path = LinkPanel;
			sourceTree = "<group>";
		};
		D8675B2A2C5375FA00A8CB89 /* Canvas */ = {
			isa = PBXGroup;
			children = (
				D8675B342C53772200A8CB89 /* CanvasView.swift */,
			);
			path = Canvas;
			sourceTree = "<group>";
		};
		D8675B2B2C5375FF00A8CB89 /* DetailPanel */ = {
			isa = PBXGroup;
			children = (
				D8675B362C53772700A8CB89 /* DetailPanelView.swift */,
			);
			path = DetailPanel;
			sourceTree = "<group>";
		};
		E7E1417B2C5627DB00A6FB5A /* Extensions */ = {
			isa = PBXGroup;
			children = (
				E7E1417C2C56285800A6FB5A /* View+.swift */,
			);
			path = Extensions;
			sourceTree = "<group>";
		};
		E7E141982C5A196200A6FB5A /* Utils */ = {
			isa = PBXGroup;
			children = (
				E70E13D62C5A1A3200AFF593 /* KeyShortcut.swift */,
				E70E13DE2C5A1F8A00AFF593 /* AppState.swift */,
				E70E13E02C5A251700AFF593 /* AppDelegate.swift */,
			);
			path = Utils;
			sourceTree = "<group>";
		};
/* End PBXGroup section */

/* Begin PBXNativeTarget section */
		72B9BB8E2C5247AC00D35ABC /* TeamLongHair */ = {
			isa = PBXNativeTarget;
			buildConfigurationList = 72B9BB9E2C5247AE00D35ABC /* Build configuration list for PBXNativeTarget "TeamLongHair" */;
			buildPhases = (
				72B9BB8B2C5247AC00D35ABC /* Sources */,
				72B9BB8C2C5247AC00D35ABC /* Frameworks */,
				72B9BB8D2C5247AC00D35ABC /* Resources */,
			);
			buildRules = (
			);
			dependencies = (
			);
			name = TeamLongHair;
			productName = TeamLongHair;
			productReference = 72B9BB8F2C5247AC00D35ABC /* TeamLongHair.app */;
			productType = "com.apple.product-type.application";
		};
/* End PBXNativeTarget section */

/* Begin PBXProject section */
		72B9BB872C5247AC00D35ABC /* Project object */ = {
			isa = PBXProject;
			attributes = {
				BuildIndependentTargetsInParallel = 1;
				LastSwiftUpdateCheck = 1530;
				LastUpgradeCheck = 1530;
				TargetAttributes = {
					72B9BB8E2C5247AC00D35ABC = {
						CreatedOnToolsVersion = 15.3;
					};
				};
			};
			buildConfigurationList = 72B9BB8A2C5247AC00D35ABC /* Build configuration list for PBXProject "TeamLongHair" */;
			compatibilityVersion = "Xcode 14.0";
			developmentRegion = en;
			hasScannedForEncodings = 0;
			knownRegions = (
				en,
				Base,
			);
			mainGroup = 72B9BB862C5247AC00D35ABC;
			productRefGroup = 72B9BB902C5247AC00D35ABC /* Products */;
			projectDirPath = "";
			projectRoot = "";
			targets = (
				72B9BB8E2C5247AC00D35ABC /* TeamLongHair */,
			);
		};
/* End PBXProject section */

/* Begin PBXResourcesBuildPhase section */
		72B9BB8D2C5247AC00D35ABC /* Resources */ = {
			isa = PBXResourcesBuildPhase;
			buildActionMask = 2147483647;
			files = (
				72B9BB9A2C5247AE00D35ABC /* Preview Assets.xcassets in Resources */,
				72B9BB972C5247AE00D35ABC /* Assets.xcassets in Resources */,
			);
			runOnlyForDeploymentPostprocessing = 0;
		};
/* End PBXResourcesBuildPhase section */

/* Begin PBXSourcesBuildPhase section */
		72B9BB8B2C5247AC00D35ABC /* Sources */ = {
			isa = PBXSourcesBuildPhase;
			buildActionMask = 2147483647;
			files = (
				72DC45F42C57A2BA004C30D9 /* CanvasView.swift in Sources */,
				D84DDA282C58CB3000ABD0F3 /* PageModel.swift in Sources */,
				D8675B392C53773400A8CB89 /* FloatingPanelView.swift in Sources */,
				D8675B312C53770B00A8CB89 /* PageView.swift in Sources */,
				E7E141812C562BDE00A6FB5A /* FloatingPanelExpandableLayout.swift in Sources */,
				E7E141782C5617CE00A6FB5A /* FloatingPanel.swift in Sources */,
				D8675B332C53771D00A8CB89 /* LinkPanelView.swift in Sources */,
				E7E1417F2C562A0B00A6FB5A /* VisualEffectView.swift in Sources */,
				E7E1417D2C56285800A6FB5A /* View+.swift in Sources */,
				D84DDA2A2C58CB3600ABD0F3 /* LinkModel.swift in Sources */,
				E70E13D72C5A1A3200AFF593 /* KeyShortcut.swift in Sources */,
				E70E13DF2C5A1F8A00AFF593 /* AppState.swift in Sources */,
				D8675B2D2C5376E800A8CB89 /* HomeView.swift in Sources */,
				D84DDA262C58CB2B00ABD0F3 /* ProjectModel.swift in Sources */,
				D8675B2F2C53770100A8CB89 /* ProjectView.swift in Sources */,
				D8675B372C53772700A8CB89 /* DetailPanelView.swift in Sources */,
				E70E13E32C5A26E600AFF593 /* ShortcutSettingView.swift in Sources */,
				D84DDA2C2C58CD6400ABD0F3 /* ProjectGallery.swift in Sources */,
				72B9BB932C5247AC00D35ABC /* TeamLongHairApp.swift in Sources */,
				E70E13E12C5A251700AFF593 /* AppDelegate.swift in Sources */,
				E7E1417A2C5623FE00A6FB5A /* FloatingPanelModifier.swift in Sources */,
			);
			runOnlyForDeploymentPostprocessing = 0;
		};
/* End PBXSourcesBuildPhase section */

/* Begin XCBuildConfiguration section */
		72B9BB9C2C5247AE00D35ABC /* Debug */ = {
			isa = XCBuildConfiguration;
			buildSettings = {
				ALWAYS_SEARCH_USER_PATHS = NO;
				ASSETCATALOG_COMPILER_GENERATE_SWIFT_ASSET_SYMBOL_EXTENSIONS = YES;
				CLANG_ANALYZER_NONNULL = YES;
				CLANG_ANALYZER_NUMBER_OBJECT_CONVERSION = YES_AGGRESSIVE;
				CLANG_CXX_LANGUAGE_STANDARD = "gnu++20";
				CLANG_ENABLE_MODULES = YES;
				CLANG_ENABLE_OBJC_ARC = YES;
				CLANG_ENABLE_OBJC_WEAK = YES;
				CLANG_WARN_BLOCK_CAPTURE_AUTORELEASING = YES;
				CLANG_WARN_BOOL_CONVERSION = YES;
				CLANG_WARN_COMMA = YES;
				CLANG_WARN_CONSTANT_CONVERSION = YES;
				CLANG_WARN_DEPRECATED_OBJC_IMPLEMENTATIONS = YES;
				CLANG_WARN_DIRECT_OBJC_ISA_USAGE = YES_ERROR;
				CLANG_WARN_DOCUMENTATION_COMMENTS = YES;
				CLANG_WARN_EMPTY_BODY = YES;
				CLANG_WARN_ENUM_CONVERSION = YES;
				CLANG_WARN_INFINITE_RECURSION = YES;
				CLANG_WARN_INT_CONVERSION = YES;
				CLANG_WARN_NON_LITERAL_NULL_CONVERSION = YES;
				CLANG_WARN_OBJC_IMPLICIT_RETAIN_SELF = YES;
				CLANG_WARN_OBJC_LITERAL_CONVERSION = YES;
				CLANG_WARN_OBJC_ROOT_CLASS = YES_ERROR;
				CLANG_WARN_QUOTED_INCLUDE_IN_FRAMEWORK_HEADER = YES;
				CLANG_WARN_RANGE_LOOP_ANALYSIS = YES;
				CLANG_WARN_STRICT_PROTOTYPES = YES;
				CLANG_WARN_SUSPICIOUS_MOVE = YES;
				CLANG_WARN_UNGUARDED_AVAILABILITY = YES_AGGRESSIVE;
				CLANG_WARN_UNREACHABLE_CODE = YES;
				CLANG_WARN__DUPLICATE_METHOD_MATCH = YES;
				COPY_PHASE_STRIP = NO;
				DEBUG_INFORMATION_FORMAT = dwarf;
				ENABLE_STRICT_OBJC_MSGSEND = YES;
				ENABLE_TESTABILITY = YES;
				ENABLE_USER_SCRIPT_SANDBOXING = YES;
				GCC_C_LANGUAGE_STANDARD = gnu17;
				GCC_DYNAMIC_NO_PIC = NO;
				GCC_NO_COMMON_BLOCKS = YES;
				GCC_OPTIMIZATION_LEVEL = 0;
				GCC_PREPROCESSOR_DEFINITIONS = (
					"DEBUG=1",
					"$(inherited)",
				);
				GCC_WARN_64_TO_32_BIT_CONVERSION = YES;
				GCC_WARN_ABOUT_RETURN_TYPE = YES_ERROR;
				GCC_WARN_UNDECLARED_SELECTOR = YES;
				GCC_WARN_UNINITIALIZED_AUTOS = YES_AGGRESSIVE;
				GCC_WARN_UNUSED_FUNCTION = YES;
				GCC_WARN_UNUSED_VARIABLE = YES;
				LOCALIZATION_PREFERS_STRING_CATALOGS = YES;
				MACOSX_DEPLOYMENT_TARGET = 14.1;
				MTL_ENABLE_DEBUG_INFO = INCLUDE_SOURCE;
				MTL_FAST_MATH = YES;
				ONLY_ACTIVE_ARCH = YES;
				SDKROOT = macosx;
				SWIFT_ACTIVE_COMPILATION_CONDITIONS = "DEBUG $(inherited)";
				SWIFT_OPTIMIZATION_LEVEL = "-Onone";
			};
			name = Debug;
		};
		72B9BB9D2C5247AE00D35ABC /* Release */ = {
			isa = XCBuildConfiguration;
			buildSettings = {
				ALWAYS_SEARCH_USER_PATHS = NO;
				ASSETCATALOG_COMPILER_GENERATE_SWIFT_ASSET_SYMBOL_EXTENSIONS = YES;
				CLANG_ANALYZER_NONNULL = YES;
				CLANG_ANALYZER_NUMBER_OBJECT_CONVERSION = YES_AGGRESSIVE;
				CLANG_CXX_LANGUAGE_STANDARD = "gnu++20";
				CLANG_ENABLE_MODULES = YES;
				CLANG_ENABLE_OBJC_ARC = YES;
				CLANG_ENABLE_OBJC_WEAK = YES;
				CLANG_WARN_BLOCK_CAPTURE_AUTORELEASING = YES;
				CLANG_WARN_BOOL_CONVERSION = YES;
				CLANG_WARN_COMMA = YES;
				CLANG_WARN_CONSTANT_CONVERSION = YES;
				CLANG_WARN_DEPRECATED_OBJC_IMPLEMENTATIONS = YES;
				CLANG_WARN_DIRECT_OBJC_ISA_USAGE = YES_ERROR;
				CLANG_WARN_DOCUMENTATION_COMMENTS = YES;
				CLANG_WARN_EMPTY_BODY = YES;
				CLANG_WARN_ENUM_CONVERSION = YES;
				CLANG_WARN_INFINITE_RECURSION = YES;
				CLANG_WARN_INT_CONVERSION = YES;
				CLANG_WARN_NON_LITERAL_NULL_CONVERSION = YES;
				CLANG_WARN_OBJC_IMPLICIT_RETAIN_SELF = YES;
				CLANG_WARN_OBJC_LITERAL_CONVERSION = YES;
				CLANG_WARN_OBJC_ROOT_CLASS = YES_ERROR;
				CLANG_WARN_QUOTED_INCLUDE_IN_FRAMEWORK_HEADER = YES;
				CLANG_WARN_RANGE_LOOP_ANALYSIS = YES;
				CLANG_WARN_STRICT_PROTOTYPES = YES;
				CLANG_WARN_SUSPICIOUS_MOVE = YES;
				CLANG_WARN_UNGUARDED_AVAILABILITY = YES_AGGRESSIVE;
				CLANG_WARN_UNREACHABLE_CODE = YES;
				CLANG_WARN__DUPLICATE_METHOD_MATCH = YES;
				COPY_PHASE_STRIP = NO;
				DEBUG_INFORMATION_FORMAT = "dwarf-with-dsym";
				ENABLE_NS_ASSERTIONS = NO;
				ENABLE_STRICT_OBJC_MSGSEND = YES;
				ENABLE_USER_SCRIPT_SANDBOXING = YES;
				GCC_C_LANGUAGE_STANDARD = gnu17;
				GCC_NO_COMMON_BLOCKS = YES;
				GCC_WARN_64_TO_32_BIT_CONVERSION = YES;
				GCC_WARN_ABOUT_RETURN_TYPE = YES_ERROR;
				GCC_WARN_UNDECLARED_SELECTOR = YES;
				GCC_WARN_UNINITIALIZED_AUTOS = YES_AGGRESSIVE;
				GCC_WARN_UNUSED_FUNCTION = YES;
				GCC_WARN_UNUSED_VARIABLE = YES;
				LOCALIZATION_PREFERS_STRING_CATALOGS = YES;
				MACOSX_DEPLOYMENT_TARGET = 14.1;
				MTL_ENABLE_DEBUG_INFO = NO;
				MTL_FAST_MATH = YES;
				SDKROOT = macosx;
				SWIFT_COMPILATION_MODE = wholemodule;
			};
			name = Release;
		};
		72B9BB9F2C5247AE00D35ABC /* Debug */ = {
			isa = XCBuildConfiguration;
			buildSettings = {
				ASSETCATALOG_COMPILER_APPICON_NAME = AppIcon;
				ASSETCATALOG_COMPILER_GLOBAL_ACCENT_COLOR_NAME = AccentColor;
				CODE_SIGN_ENTITLEMENTS = TeamLongHair/TeamLongHair.entitlements;
				CODE_SIGN_STYLE = Automatic;
				COMBINE_HIDPI_IMAGES = YES;
				CURRENT_PROJECT_VERSION = 1;
				DEVELOPMENT_ASSET_PATHS = "\"TeamLongHair/Preview Content\"";
				DEVELOPMENT_TEAM = "";
				ENABLE_HARDENED_RUNTIME = YES;
				ENABLE_PREVIEWS = YES;
				GENERATE_INFOPLIST_FILE = YES;
				INFOPLIST_KEY_NSHumanReadableCopyright = "";
				LD_RUNPATH_SEARCH_PATHS = (
					"$(inherited)",
					"@executable_path/../Frameworks",
				);
				MARKETING_VERSION = 1.0;
				PRODUCT_BUNDLE_IDENTIFIER = poeticform.TeamLongHair;
				PRODUCT_NAME = "$(TARGET_NAME)";
				SWIFT_EMIT_LOC_STRINGS = YES;
				SWIFT_VERSION = 5.0;
			};
			name = Debug;
		};
		72B9BBA02C5247AE00D35ABC /* Release */ = {
			isa = XCBuildConfiguration;
			buildSettings = {
				ASSETCATALOG_COMPILER_APPICON_NAME = AppIcon;
				ASSETCATALOG_COMPILER_GLOBAL_ACCENT_COLOR_NAME = AccentColor;
				CODE_SIGN_ENTITLEMENTS = TeamLongHair/TeamLongHair.entitlements;
				CODE_SIGN_STYLE = Automatic;
				COMBINE_HIDPI_IMAGES = YES;
				CURRENT_PROJECT_VERSION = 1;
				DEVELOPMENT_ASSET_PATHS = "\"TeamLongHair/Preview Content\"";
				DEVELOPMENT_TEAM = "";
				ENABLE_HARDENED_RUNTIME = YES;
				ENABLE_PREVIEWS = YES;
				GENERATE_INFOPLIST_FILE = YES;
				INFOPLIST_KEY_NSHumanReadableCopyright = "";
				LD_RUNPATH_SEARCH_PATHS = (
					"$(inherited)",
					"@executable_path/../Frameworks",
				);
				MARKETING_VERSION = 1.0;
				PRODUCT_BUNDLE_IDENTIFIER = poeticform.TeamLongHair;
				PRODUCT_NAME = "$(TARGET_NAME)";
				SWIFT_EMIT_LOC_STRINGS = YES;
				SWIFT_VERSION = 5.0;
			};
			name = Release;
		};
/* End XCBuildConfiguration section */

/* Begin XCConfigurationList section */
		72B9BB8A2C5247AC00D35ABC /* Build configuration list for PBXProject "TeamLongHair" */ = {
			isa = XCConfigurationList;
			buildConfigurations = (
				72B9BB9C2C5247AE00D35ABC /* Debug */,
				72B9BB9D2C5247AE00D35ABC /* Release */,
			);
			defaultConfigurationIsVisible = 0;
			defaultConfigurationName = Release;
		};
		72B9BB9E2C5247AE00D35ABC /* Build configuration list for PBXNativeTarget "TeamLongHair" */ = {
			isa = XCConfigurationList;
			buildConfigurations = (
				72B9BB9F2C5247AE00D35ABC /* Debug */,
				72B9BBA02C5247AE00D35ABC /* Release */,
			);
			defaultConfigurationIsVisible = 0;
			defaultConfigurationName = Release;
		};
/* End XCConfigurationList section */
	};
	rootObject = 72B9BB872C5247AC00D35ABC /* Project object */;
}
